
Microsoft Visual Studio Solution File, Format Version 12.00
# Visual Studio 2015
Project("{FAE04EC0-301F-11D3-BF4B-00C04F79EFBC}") = "MailMan.CSharp.Plugins", "MailMan.CSharp.Plugins.csproj", "{6D77B1CB-ACC0-6B2A-FBB6-56B7FFCC9562}"
EndProject
Project("{FAE04EC0-301F-11D3-BF4B-00C04F79EFBC}") = "MailMan.CSharp", "MailMan.CSharp.csproj", "{E2D5E643-4FDF-062E-83B6-1570F2C00669}"
EndProject
Project("{FAE04EC0-301F-11D3-BF4B-00C04F79EFBC}") = "MailMan.CSharp.Editor", "MailMan.CSharp.Editor.csproj", "{5FC558CE-58E6-BD73-5DBC-A7063070C7BD}"
EndProject
Global
	GlobalSection(SolutionConfigurationPlatforms) = preSolution
		Debug|Any CPU = Debug|Any CPU
		Release|Any CPU = Release|Any CPU
	EndGlobalSection
	GlobalSection(ProjectConfigurationPlatforms) = postSolution
		{6D77B1CB-ACC0-6B2A-FBB6-56B7FFCC9562}.Debug|Any CPU.ActiveCfg = Debug|Any CPU
		{6D77B1CB-ACC0-6B2A-FBB6-56B7FFCC9562}.Debug|Any CPU.Build.0 = Debug|Any CPU
		{6D77B1CB-ACC0-6B2A-FBB6-56B7FFCC9562}.Release|Any CPU.ActiveCfg = Release|Any CPU
		{6D77B1CB-ACC0-6B2A-FBB6-56B7FFCC9562}.Release|Any CPU.Build.0 = Release|Any CPU
		{E2D5E643-4FDF-062E-83B6-1570F2C00669}.Debug|Any CPU.ActiveCfg = Debug|Any CPU
		{E2D5E643-4FDF-062E-83B6-1570F2C00669}.Debug|Any CPU.Build.0 = Debug|Any CPU
		{E2D5E643-4FDF-062E-83B6-1570F2C00669}.Release|Any CPU.ActiveCfg = Release|Any CPU
		{E2D5E643-4FDF-062E-83B6-1570F2C00669}.Release|Any CPU.Build.0 = Release|Any CPU
		{5FC558CE-58E6-BD73-5DBC-A7063070C7BD}.Debug|Any CPU.ActiveCfg = Debug|Any CPU
		{5FC558CE-58E6-BD73-5DBC-A7063070C7BD}.Debug|Any CPU.Build.0 = Debug|Any CPU
		{5FC558CE-58E6-BD73-5DBC-A7063070C7BD}.Release|Any CPU.ActiveCfg = Release|Any CPU
		{5FC558CE-58E6-BD73-5DBC-A7063070C7BD}.Release|Any CPU.Build.0 = Release|Any CPU
	EndGlobalSection
	GlobalSection(SolutionProperties) = preSolution
		HideSolutionNode = FALSE
	EndGlobalSection
EndGlobal
